
Microsoft Visual Studio Solution File, Format Version 12.00
# Visual Studio 15
VisualStudioVersion = 15.0.28307.852
MinimumVisualStudioVersion = 10.0.40219.1
Project("{FAE04EC0-301F-11D3-BF4B-00C04F79EFBC}") = "Xəbərlər", "Xəbərlər\Xəbərlər.csproj", "{B54E811F-04F1-4003-B546-3A8C7D0D3402}"
EndProject
Global
	GlobalSection(SolutionConfigurationPlatforms) = preSolution
		Debug|Any CPU = Debug|Any CPU
		Release|Any CPU = Release|Any CPU
	EndGlobalSection
	GlobalSection(ProjectConfigurationPlatforms) = postSolution
		{B54E811F-04F1-4003-B546-3A8C7D0D3402}.Debug|Any CPU.ActiveCfg = Debug|Any CPU
		{B54E811F-04F1-4003-B546-3A8C7D0D3402}.Debug|Any CPU.Build.0 = Debug|Any CPU
		{B54E811F-04F1-4003-B546-3A8C7D0D3402}.Release|Any CPU.ActiveCfg = Release|Any CPU
		{B54E811F-04F1-4003-B546-3A8C7D0D3402}.Release|Any CPU.Build.0 = Release|Any CPU
	EndGlobalSection
	GlobalSection(SolutionProperties) = preSolution
		HideSolutionNode = FALSE
	EndGlobalSection
	GlobalSection(ExtensibilityGlobals) = postSolution
		SolutionGuid = {929E780F-384A-448D-8BE9-1B79329E273C}
	EndGlobalSection
EndGlobal
